
Microsoft Visual Studio Solution File, Format Version 12.00
# Visual Studio 15
VisualStudioVersion = 15.0.27004.2009
MinimumVisualStudioVersion = 10.0.40219.1
Project("{FAE04EC0-301F-11D3-BF4B-00C04F79EFBC}") = "reverseString", "reverseString\reverseString.csproj", "{37B52D95-F5D7-4D68-8374-CA98C3B00828}"
EndProject
Project("{FAE04EC0-301F-11D3-BF4B-00C04F79EFBC}") = "countSubstringOccurences", "countSubstringOccurences\countSubstringOccurences.csproj", "{254A3C62-70DD-4A77-968E-B6DFF0618F0B}"
EndProject
Project("{FAE04EC0-301F-11D3-BF4B-00C04F79EFBC}") = "textFilter", "textFilter\textFilter.csproj", "{CA97A264-B4DF-4D35-875B-1F39647D40ED}"
EndProject
Project("{FAE04EC0-301F-11D3-BF4B-00C04F79EFBC}") = "palindrom", "palindrom\palindrom.csproj", "{B85DAF44-6CC1-4BA8-8FD5-A89C4DAA09AF}"
EndProject
Global
	GlobalSection(SolutionConfigurationPlatforms) = preSolution
		Debug|Any CPU = Debug|Any CPU
		Release|Any CPU = Release|Any CPU
	EndGlobalSection
	GlobalSection(ProjectConfigurationPlatforms) = postSolution
		{37B52D95-F5D7-4D68-8374-CA98C3B00828}.Debug|Any CPU.ActiveCfg = Debug|Any CPU
		{37B52D95-F5D7-4D68-8374-CA98C3B00828}.Debug|Any CPU.Build.0 = Debug|Any CPU
		{37B52D95-F5D7-4D68-8374-CA98C3B00828}.Release|Any CPU.ActiveCfg = Release|Any CPU
		{37B52D95-F5D7-4D68-8374-CA98C3B00828}.Release|Any CPU.Build.0 = Release|Any CPU
		{254A3C62-70DD-4A77-968E-B6DFF0618F0B}.Debug|Any CPU.ActiveCfg = Debug|Any CPU
		{254A3C62-70DD-4A77-968E-B6DFF0618F0B}.Debug|Any CPU.Build.0 = Debug|Any CPU
		{254A3C62-70DD-4A77-968E-B6DFF0618F0B}.Release|Any CPU.ActiveCfg = Release|Any CPU
		{254A3C62-70DD-4A77-968E-B6DFF0618F0B}.Release|Any CPU.Build.0 = Release|Any CPU
		{CA97A264-B4DF-4D35-875B-1F39647D40ED}.Debug|Any CPU.ActiveCfg = Debug|Any CPU
		{CA97A264-B4DF-4D35-875B-1F39647D40ED}.Debug|Any CPU.Build.0 = Debug|Any CPU
		{CA97A264-B4DF-4D35-875B-1F39647D40ED}.Release|Any CPU.ActiveCfg = Release|Any CPU
		{CA97A264-B4DF-4D35-875B-1F39647D40ED}.Release|Any CPU.Build.0 = Release|Any CPU
		{B85DAF44-6CC1-4BA8-8FD5-A89C4DAA09AF}.Debug|Any CPU.ActiveCfg = Debug|Any CPU
		{B85DAF44-6CC1-4BA8-8FD5-A89C4DAA09AF}.Debug|Any CPU.Build.0 = Debug|Any CPU
		{B85DAF44-6CC1-4BA8-8FD5-A89C4DAA09AF}.Release|Any CPU.ActiveCfg = Release|Any CPU
		{B85DAF44-6CC1-4BA8-8FD5-A89C4DAA09AF}.Release|Any CPU.Build.0 = Release|Any CPU
	EndGlobalSection
	GlobalSection(SolutionProperties) = preSolution
		HideSolutionNode = FALSE
	EndGlobalSection
	GlobalSection(ExtensibilityGlobals) = postSolution
		SolutionGuid = {4957CBA9-D758-492D-95E0-00BBA34BEC72}
	EndGlobalSection
EndGlobal
